// !$*UTF8*$!
{
	archiveVersion = 1;
	classes = {
	};
	objectVersion = 56;
	objects = {

/* Begin PBXBuildFile section */
		9C0B54262A00588F00FCF78C /* InfoOverLayView.swift in Sources */ = {isa = PBXBuildFile; fileRef = 9C0B54252A00588F00FCF78C /* InfoOverLayView.swift */; };
		9C3F96062A0032C400DE7ABE /* LocalNotificationsApp.swift in Sources */ = {isa = PBXBuildFile; fileRef = 9C3F96052A0032C400DE7ABE /* LocalNotificationsApp.swift */; };
		9C3F96082A0032C400DE7ABE /* ContentView.swift in Sources */ = {isa = PBXBuildFile; fileRef = 9C3F96072A0032C400DE7ABE /* ContentView.swift */; };
		9C3F960A2A0032C600DE7ABE /* Assets.xcassets in Resources */ = {isa = PBXBuildFile; fileRef = 9C3F96092A0032C600DE7ABE /* Assets.xcassets */; };
		9C3F960D2A0032C600DE7ABE /* Preview Assets.xcassets in Resources */ = {isa = PBXBuildFile; fileRef = 9C3F960C2A0032C600DE7ABE /* Preview Assets.xcassets */; };
		9C3F96172A0032C600DE7ABE /* LocalNotificationsTests.swift in Sources */ = {isa = PBXBuildFile; fileRef = 9C3F96162A0032C600DE7ABE /* LocalNotificationsTests.swift */; };
		9C3F96212A0032C600DE7ABE /* LocalNotificationsUITests.swift in Sources */ = {isa = PBXBuildFile; fileRef = 9C3F96202A0032C600DE7ABE /* LocalNotificationsUITests.swift */; };
		9C3F96232A0032C600DE7ABE /* LocalNotificationsUITestsLaunchTests.swift in Sources */ = {isa = PBXBuildFile; fileRef = 9C3F96222A0032C600DE7ABE /* LocalNotificationsUITestsLaunchTests.swift */; };
		9C3F96302A00338300DE7ABE /* NotificationListView.swift in Sources */ = {isa = PBXBuildFile; fileRef = 9C3F962F2A00338300DE7ABE /* NotificationListView.swift */; };
		9C3F96322A0033A800DE7ABE /* NotificationManager.swift in Sources */ = {isa = PBXBuildFile; fileRef = 9C3F96312A0033A800DE7ABE /* NotificationManager.swift */; };
		9C3F96362A003EB800DE7ABE /* CreateNotificationView.swift in Sources */ = {isa = PBXBuildFile; fileRef = 9C3F96352A003EB800DE7ABE /* CreateNotificationView.swift */; };
/* End PBXBuildFile section */

/* Begin PBXContainerItemProxy section */
		9C3F96132A0032C600DE7ABE /* PBXContainerItemProxy */ = {
			isa = PBXContainerItemProxy;
			containerPortal = 9C3F95FA2A0032C400DE7ABE /* Project object */;
			proxyType = 1;
			remoteGlobalIDString = 9C3F96012A0032C400DE7ABE;
			remoteInfo = LocalNotifications;
		};
		9C3F961D2A0032C600DE7ABE /* PBXContainerItemProxy */ = {
			isa = PBXContainerItemProxy;
			containerPortal = 9C3F95FA2A0032C400DE7ABE /* Project object */;
			proxyType = 1;
			remoteGlobalIDString = 9C3F96012A0032C400DE7ABE;
			remoteInfo = LocalNotifications;
		};
/* End PBXContainerItemProxy section */

/* Begin PBXFileReference section */
		9C0B54252A00588F00FCF78C /* InfoOverLayView.swift */ = {isa = PBXFileReference; lastKnownFileType = sourcecode.swift; path = InfoOverLayView.swift; sourceTree = "<group>"; };
		9C3F96022A0032C400DE7ABE /* LocalNotifications.app */ = {isa = PBXFileReference; explicitFileType = wrapper.application; includeInIndex = 0; path = LocalNotifications.app; sourceTree = BUILT_PRODUCTS_DIR; };
		9C3F96052A0032C400DE7ABE /* LocalNotificationsApp.swift */ = {isa = PBXFileReference; lastKnownFileType = sourcecode.swift; path = LocalNotificationsApp.swift; sourceTree = "<group>"; };
		9C3F96072A0032C400DE7ABE /* ContentView.swift */ = {isa = PBXFileReference; lastKnownFileType = sourcecode.swift; path = ContentView.swift; sourceTree = "<group>"; };
		9C3F96092A0032C600DE7ABE /* Assets.xcassets */ = {isa = PBXFileReference; lastKnownFileType = folder.assetcatalog; path = Assets.xcassets; sourceTree = "<group>"; };
		9C3F960C2A0032C600DE7ABE /* Preview Assets.xcassets */ = {isa = PBXFileReference; lastKnownFileType = folder.assetcatalog; path = "Preview Assets.xcassets"; sourceTree = "<group>"; };
		9C3F96122A0032C600DE7ABE /* LocalNotificationsTests.xctest */ = {isa = PBXFileReference; explicitFileType = wrapper.cfbundle; includeInIndex = 0; path = LocalNotificationsTests.xctest; sourceTree = BUILT_PRODUCTS_DIR; };
		9C3F96162A0032C600DE7ABE /* LocalNotificationsTests.swift */ = {isa = PBXFileReference; lastKnownFileType = sourcecode.swift; path = LocalNotificationsTests.swift; sourceTree = "<group>"; };
		9C3F961C2A0032C600DE7ABE /* LocalNotificationsUITests.xctest */ = {isa = PBXFileReference; explicitFileType = wrapper.cfbundle; includeInIndex = 0; path = LocalNotificationsUITests.xctest; sourceTree = BUILT_PRODUCTS_DIR; };
		9C3F96202A0032C600DE7ABE /* LocalNotificationsUITests.swift */ = {isa = PBXFileReference; lastKnownFileType = sourcecode.swift; path = LocalNotificationsUITests.swift; sourceTree = "<group>"; };
		9C3F96222A0032C600DE7ABE /* LocalNotificationsUITestsLaunchTests.swift */ = {isa = PBXFileReference; lastKnownFileType = sourcecode.swift; path = LocalNotificationsUITestsLaunchTests.swift; sourceTree = "<group>"; };
		9C3F962F2A00338300DE7ABE /* NotificationListView.swift */ = {isa = PBXFileReference; lastKnownFileType = sourcecode.swift; path = NotificationListView.swift; sourceTree = "<group>"; };
		9C3F96312A0033A800DE7ABE /* NotificationManager.swift */ = {isa = PBXFileReference; lastKnownFileType = sourcecode.swift; path = NotificationManager.swift; sourceTree = "<group>"; };
		9C3F96352A003EB800DE7ABE /* CreateNotificationView.swift */ = {isa = PBXFileReference; lastKnownFileType = sourcecode.swift; path = CreateNotificationView.swift; sourceTree = "<group>"; };
/* End PBXFileReference section */

/* Begin PBXFrameworksBuildPhase section */
		9C3F95FF2A0032C400DE7ABE /* Frameworks */ = {
			isa = PBXFrameworksBuildPhase;
			buildActionMask = 2147483647;
			files = (
			);
			runOnlyForDeploymentPostprocessing = 0;
		};
		9C3F960F2A0032C600DE7ABE /* Frameworks */ = {
			isa = PBXFrameworksBuildPhase;
			buildActionMask = 2147483647;
			files = (
			);
			runOnlyForDeploymentPostprocessing = 0;
		};
		9C3F96192A0032C600DE7ABE /* Frameworks */ = {
			isa = PBXFrameworksBuildPhase;
			buildActionMask = 2147483647;
			files = (
			);
			runOnlyForDeploymentPostprocessing = 0;
		};
/* End PBXFrameworksBuildPhase section */

/* Begin PBXGroup section */
		9C3F95F92A0032C400DE7ABE = {
			isa = PBXGroup;
			children = (
				9C3F96042A0032C400DE7ABE /* LocalNotifications */,
				9C3F96152A0032C600DE7ABE /* LocalNotificationsTests */,
				9C3F961F2A0032C600DE7ABE /* LocalNotificationsUITests */,
				9C3F96032A0032C400DE7ABE /* Products */,
			);
			sourceTree = "<group>";
		};
		9C3F96032A0032C400DE7ABE /* Products */ = {
			isa = PBXGroup;
			children = (
				9C3F96022A0032C400DE7ABE /* LocalNotifications.app */,
				9C3F96122A0032C600DE7ABE /* LocalNotificationsTests.xctest */,
				9C3F961C2A0032C600DE7ABE /* LocalNotificationsUITests.xctest */,
			);
			name = Products;
			sourceTree = "<group>";
		};
		9C3F96042A0032C400DE7ABE /* LocalNotifications */ = {
			isa = PBXGroup;
			children = (
				9C3F96052A0032C400DE7ABE /* LocalNotificationsApp.swift */,
				9C3F96072A0032C400DE7ABE /* ContentView.swift */,
				9C3F96092A0032C600DE7ABE /* Assets.xcassets */,
				9C3F960B2A0032C600DE7ABE /* Preview Content */,
				9C3F962F2A00338300DE7ABE /* NotificationListView.swift */,
				9C3F96312A0033A800DE7ABE /* NotificationManager.swift */,
				9C3F96352A003EB800DE7ABE /* CreateNotificationView.swift */,
				9C0B54252A00588F00FCF78C /* InfoOverLayView.swift */,
			);
			path = LocalNotifications;
			sourceTree = "<group>";
		};
		9C3F960B2A0032C600DE7ABE /* Preview Content */ = {
			isa = PBXGroup;
			children = (
				9C3F960C2A0032C600DE7ABE /* Preview Assets.xcassets */,
			);
			path = "Preview Content";
			sourceTree = "<group>";
		};
		9C3F96152A0032C600DE7ABE /* LocalNotificationsTests */ = {
			isa = PBXGroup;
			children = (
				9C3F96162A0032C600DE7ABE /* LocalNotificationsTests.swift */,
			);
			path = LocalNotificationsTests;
			sourceTree = "<group>";
		};
		9C3F961F2A0032C600DE7ABE /* LocalNotificationsUITests */ = {
			isa = PBXGroup;
			children = (
				9C3F96202A0032C600DE7ABE /* LocalNotificationsUITests.swift */,
				9C3F96222A0032C600DE7ABE /* LocalNotificationsUITestsLaunchTests.swift */,
			);
			path = LocalNotificationsUITests;
			sourceTree = "<group>";
		};
/* End PBXGroup section */

/* Begin PBXNativeTarget section */
		9C3F96012A0032C400DE7ABE /* LocalNotifications */ = {
			isa = PBXNativeTarget;
			buildConfigurationList = 9C3F96262A0032C600DE7ABE /* Build configuration list for PBXNativeTarget "LocalNotifications" */;
			buildPhases = (
				9C3F95FE2A0032C400DE7ABE /* Sources */,
				9C3F95FF2A0032C400DE7ABE /* Frameworks */,
				9C3F96002A0032C400DE7ABE /* Resources */,
			);
			buildRules = (
			);
			dependencies = (
			);
			name = LocalNotifications;
			productName = LocalNotifications;
			productReference = 9C3F96022A0032C400DE7ABE /* LocalNotifications.app */;
			productType = "com.apple.product-type.application";
		};
		9C3F96112A0032C600DE7ABE /* LocalNotificationsTests */ = {
			isa = PBXNativeTarget;
			buildConfigurationList = 9C3F96292A0032C600DE7ABE /* Build configuration list for PBXNativeTarget "LocalNotificationsTests" */;
			buildPhases = (
				9C3F960E2A0032C600DE7ABE /* Sources */,
				9C3F960F2A0032C600DE7ABE /* Frameworks */,
				9C3F96102A0032C600DE7ABE /* Resources */,
			);
			buildRules = (
			);
			dependencies = (
				9C3F96142A0032C600DE7ABE /* PBXTargetDependency */,
			);
			name = LocalNotificationsTests;
			productName = LocalNotificationsTests;
			productReference = 9C3F96122A0032C600DE7ABE /* LocalNotificationsTests.xctest */;
			productType = "com.apple.product-type.bundle.unit-test";
		};
		9C3F961B2A0032C600DE7ABE /* LocalNotificationsUITests */ = {
			isa = PBXNativeTarget;
			buildConfigurationList = 9C3F962C2A0032C600DE7ABE /* Build configuration list for PBXNativeTarget "LocalNotificationsUITests" */;
			buildPhases = (
				9C3F96182A0032C600DE7ABE /* Sources */,
				9C3F96192A0032C600DE7ABE /* Frameworks */,
				9C3F961A2A0032C600DE7ABE /* Resources */,
			);
			buildRules = (
			);
			dependencies = (
				9C3F961E2A0032C600DE7ABE /* PBXTargetDependency */,
			);
			name = LocalNotificationsUITests;
			productName = LocalNotificationsUITests;
			productReference = 9C3F961C2A0032C600DE7ABE /* LocalNotificationsUITests.xctest */;
			productType = "com.apple.product-type.bundle.ui-testing";
		};
/* End PBXNativeTarget section */

/* Begin PBXProject section */
		9C3F95FA2A0032C400DE7ABE /* Project object */ = {
			isa = PBXProject;
			attributes = {
				BuildIndependentTargetsInParallel = 1;
				LastSwiftUpdateCheck = 1430;
				LastUpgradeCheck = 1430;
				TargetAttributes = {
					9C3F96012A0032C400DE7ABE = {
						CreatedOnToolsVersion = 14.3;
					};
					9C3F96112A0032C600DE7ABE = {
						CreatedOnToolsVersion = 14.3;
						TestTargetID = 9C3F96012A0032C400DE7ABE;
					};
					9C3F961B2A0032C600DE7ABE = {
						CreatedOnToolsVersion = 14.3;
						TestTargetID = 9C3F96012A0032C400DE7ABE;
					};
				};
			};
			buildConfigurationList = 9C3F95FD2A0032C400DE7ABE /* Build configuration list for PBXProject "LocalNotifications" */;
			compatibilityVersion = "Xcode 14.0";
			developmentRegion = en;
			hasScannedForEncodings = 0;
			knownRegions = (
				en,
				Base,
			);
			mainGroup = 9C3F95F92A0032C400DE7ABE;
			productRefGroup = 9C3F96032A0032C400DE7ABE /* Products */;
			projectDirPath = "";
			projectRoot = "";
			targets = (
				9C3F96012A0032C400DE7ABE /* LocalNotifications */,
				9C3F96112A0032C600DE7ABE /* LocalNotificationsTests */,
				9C3F961B2A0032C600DE7ABE /* LocalNotificationsUITests */,
			);
		};
/* End PBXProject section */

/* Begin PBXResourcesBuildPhase section */
		9C3F96002A0032C400DE7ABE /* Resources */ = {
			isa = PBXResourcesBuildPhase;
			buildActionMask = 2147483647;
			files = (
				9C3F960D2A0032C600DE7ABE /* Preview Assets.xcassets in Resources */,
				9C3F960A2A0032C600DE7ABE /* Assets.xcassets in Resources */,
			);
			runOnlyForDeploymentPostprocessing = 0;
		};
		9C3F96102A0032C600DE7ABE /* Resources */ = {
			isa = PBXResourcesBuildPhase;
			buildActionMask = 2147483647;
			files = (
			);
			runOnlyForDeploymentPostprocessing = 0;
		};
		9C3F961A2A0032C600DE7ABE /* Resources */ = {
			isa = PBXResourcesBuildPhase;
			buildActionMask = 2147483647;
			files = (
			);
			runOnlyForDeploymentPostprocessing = 0;
		};
/* End PBXResourcesBuildPhase section */

/* Begin PBXSourcesBuildPhase section */
		9C3F95FE2A0032C400DE7ABE /* Sources */ = {
			isa = PBXSourcesBuildPhase;
			buildActionMask = 2147483647;
			files = (
				9C3F96082A0032C400DE7ABE /* ContentView.swift in Sources */,
				9C0B54262A00588F00FCF78C /* InfoOverLayView.swift in Sources */,
				9C3F96062A0032C400DE7ABE /* LocalNotificationsApp.swift in Sources */,
				9C3F96362A003EB800DE7ABE /* CreateNotificationView.swift in Sources */,
				9C3F96322A0033A800DE7ABE /* NotificationManager.swift in Sources */,
				9C3F96302A00338300DE7ABE /* NotificationListView.swift in Sources */,
			);
			runOnlyForDeploymentPostprocessing = 0;
		};
		9C3F960E2A0032C600DE7ABE /* Sources */ = {
			isa = PBXSourcesBuildPhase;
			buildActionMask = 2147483647;
			files = (
				9C3F96172A0032C600DE7ABE /* LocalNotificationsTests.swift in Sources */,
			);
			runOnlyForDeploymentPostprocessing = 0;
		};
		9C3F96182A0032C600DE7ABE /* Sources */ = {
			isa = PBXSourcesBuildPhase;
			buildActionMask = 2147483647;
			files = (
				9C3F96212A0032C600DE7ABE /* LocalNotificationsUITests.swift in Sources */,
				9C3F96232A0032C600DE7ABE /* LocalNotificationsUITestsLaunchTests.swift in Sources */,
			);
			runOnlyForDeploymentPostprocessing = 0;
		};
/* End PBXSourcesBuildPhase section */

/* Begin PBXTargetDependency section */
		9C3F96142A0032C600DE7ABE /* PBXTargetDependency */ = {
			isa = PBXTargetDependency;
			target = 9C3F96012A0032C400DE7ABE /* LocalNotifications */;
			targetProxy = 9C3F96132A0032C600DE7ABE /* PBXContainerItemProxy */;
		};
		9C3F961E2A0032C600DE7ABE /* PBXTargetDependency */ = {
			isa = PBXTargetDependency;
			target = 9C3F96012A0032C400DE7ABE /* LocalNotifications */;
			targetProxy = 9C3F961D2A0032C600DE7ABE /* PBXContainerItemProxy */;
		};
/* End PBXTargetDependency section */

/* Begin XCBuildConfiguration section */
		9C3F96242A0032C600DE7ABE /* Debug */ = {
			isa = XCBuildConfiguration;
			buildSettings = {
				ALWAYS_SEARCH_USER_PATHS = NO;
				CLANG_ANALYZER_NONNULL = YES;
				CLANG_ANALYZER_NUMBER_OBJECT_CONVERSION = YES_AGGRESSIVE;
				CLANG_CXX_LANGUAGE_STANDARD = "gnu++20";
				CLANG_ENABLE_MODULES = YES;
				CLANG_ENABLE_OBJC_ARC = YES;
				CLANG_ENABLE_OBJC_WEAK = YES;
				CLANG_WARN_BLOCK_CAPTURE_AUTORELEASING = YES;
				CLANG_WARN_BOOL_CONVERSION = YES;
				CLANG_WARN_COMMA = YES;
				CLANG_WARN_CONSTANT_CONVERSION = YES;
				CLANG_WARN_DEPRECATED_OBJC_IMPLEMENTATIONS = YES;
				CLANG_WARN_DIRECT_OBJC_ISA_USAGE = YES_ERROR;
				CLANG_WARN_DOCUMENTATION_COMMENTS = YES;
				CLANG_WARN_EMPTY_BODY = YES;
				CLANG_WARN_ENUM_CONVERSION = YES;
				CLANG_WARN_INFINITE_RECURSION = YES;
				CLANG_WARN_INT_CONVERSION = YES;
				CLANG_WARN_NON_LITERAL_NULL_CONVERSION = YES;
				CLANG_WARN_OBJC_IMPLICIT_RETAIN_SELF = YES;
				CLANG_WARN_OBJC_LITERAL_CONVERSION = YES;
				CLANG_WARN_OBJC_ROOT_CLASS = YES_ERROR;
				CLANG_WARN_QUOTED_INCLUDE_IN_FRAMEWORK_HEADER = YES;
				CLANG_WARN_RANGE_LOOP_ANALYSIS = YES;
				CLANG_WARN_STRICT_PROTOTYPES = YES;
				CLANG_WARN_SUSPICIOUS_MOVE = YES;
				CLANG_WARN_UNGUARDED_AVAILABILITY = YES_AGGRESSIVE;
				CLANG_WARN_UNREACHABLE_CODE = YES;
				CLANG_WARN__DUPLICATE_METHOD_MATCH = YES;
				COPY_PHASE_STRIP = NO;
				DEBUG_INFORMATION_FORMAT = dwarf;
				ENABLE_STRICT_OBJC_MSGSEND = YES;
				ENABLE_TESTABILITY = YES;
				GCC_C_LANGUAGE_STANDARD = gnu11;
				GCC_DYNAMIC_NO_PIC = NO;
				GCC_NO_COMMON_BLOCKS = YES;
				GCC_OPTIMIZATION_LEVEL = 0;
				GCC_PREPROCESSOR_DEFINITIONS = (
					"DEBUG=1",
					"$(inherited)",
				);
				GCC_WARN_64_TO_32_BIT_CONVERSION = YES;
				GCC_WARN_ABOUT_RETURN_TYPE = YES_ERROR;
				GCC_WARN_UNDECLARED_SELECTOR = YES;
				GCC_WARN_UNINITIALIZED_AUTOS = YES_AGGRESSIVE;
				GCC_WARN_UNUSED_FUNCTION = YES;
				GCC_WARN_UNUSED_VARIABLE = YES;
				IPHONEOS_DEPLOYMENT_TARGET = 16.4;
				MTL_ENABLE_DEBUG_INFO = INCLUDE_SOURCE;
				MTL_FAST_MATH = YES;
				ONLY_ACTIVE_ARCH = YES;
				SDKROOT = iphoneos;
				SWIFT_ACTIVE_COMPILATION_CONDITIONS = DEBUG;
				SWIFT_OPTIMIZATION_LEVEL = "-Onone";
			};
			name = Debug;
		};
		9C3F96252A0032C600DE7ABE /* Release */ = {
			isa = XCBuildConfiguration;
			buildSettings = {
				ALWAYS_SEARCH_USER_PATHS = NO;
				CLANG_ANALYZER_NONNULL = YES;
				CLANG_ANALYZER_NUMBER_OBJECT_CONVERSION = YES_AGGRESSIVE;
				CLANG_CXX_LANGUAGE_STANDARD = "gnu++20";
				CLANG_ENABLE_MODULES = YES;
				CLANG_ENABLE_OBJC_ARC = YES;
				CLANG_ENABLE_OBJC_WEAK = YES;
				CLANG_WARN_BLOCK_CAPTURE_AUTORELEASING = YES;
				CLANG_WARN_BOOL_CONVERSION = YES;
				CLANG_WARN_COMMA = YES;
				CLANG_WARN_CONSTANT_CONVERSION = YES;
				CLANG_WARN_DEPRECATED_OBJC_IMPLEMENTATIONS = YES;
				CLANG_WARN_DIRECT_OBJC_ISA_USAGE = YES_ERROR;
				CLANG_WARN_DOCUMENTATION_COMMENTS = YES;
				CLANG_WARN_EMPTY_BODY = YES;
				CLANG_WARN_ENUM_CONVERSION = YES;
				CLANG_WARN_INFINITE_RECURSION = YES;
				CLANG_WARN_INT_CONVERSION = YES;
				CLANG_WARN_NON_LITERAL_NULL_CONVERSION = YES;
				CLANG_WARN_OBJC_IMPLICIT_RETAIN_SELF = YES;
				CLANG_WARN_OBJC_LITERAL_CONVERSION = YES;
				CLANG_WARN_OBJC_ROOT_CLASS = YES_ERROR;
				CLANG_WARN_QUOTED_INCLUDE_IN_FRAMEWORK_HEADER = YES;
				CLANG_WARN_RANGE_LOOP_ANALYSIS = YES;
				CLANG_WARN_STRICT_PROTOTYPES = YES;
				CLANG_WARN_SUSPICIOUS_MOVE = YES;
				CLANG_WARN_UNGUARDED_AVAILABILITY = YES_AGGRESSIVE;
				CLANG_WARN_UNREACHABLE_CODE = YES;
				CLANG_WARN__DUPLICATE_METHOD_MATCH = YES;
				COPY_PHASE_STRIP = NO;
				DEBUG_INFORMATION_FORMAT = "dwarf-with-dsym";
				ENABLE_NS_ASSERTIONS = NO;
				ENABLE_STRICT_OBJC_MSGSEND = YES;
				GCC_C_LANGUAGE_STANDARD = gnu11;
				GCC_NO_COMMON_BLOCKS = YES;
				GCC_WARN_64_TO_32_BIT_CONVERSION = YES;
				GCC_WARN_ABOUT_RETURN_TYPE = YES_ERROR;
				GCC_WARN_UNDECLARED_SELECTOR = YES;
				GCC_WARN_UNINITIALIZED_AUTOS = YES_AGGRESSIVE;
				GCC_WARN_UNUSED_FUNCTION = YES;
				GCC_WARN_UNUSED_VARIABLE = YES;
				IPHONEOS_DEPLOYMENT_TARGET = 16.4;
				MTL_ENABLE_DEBUG_INFO = NO;
				MTL_FAST_MATH = YES;
				SDKROOT = iphoneos;
				SWIFT_COMPILATION_MODE = wholemodule;
				SWIFT_OPTIMIZATION_LEVEL = "-O";
				VALIDATE_PRODUCT = YES;
			};
			name = Release;
		};
		9C3F96272A0032C600DE7ABE /* Debug */ = {
			isa = XCBuildConfiguration;
			buildSettings = {
				ASSETCATALOG_COMPILER_APPICON_NAME = AppIcon;
				ASSETCATALOG_COMPILER_GLOBAL_ACCENT_COLOR_NAME = AccentColor;
				CODE_SIGN_STYLE = Automatic;
				CURRENT_PROJECT_VERSION = 1;
				DEVELOPMENT_ASSET_PATHS = "\"LocalNotifications/Preview Content\"";
				DEVELOPMENT_TEAM = BCAW25965Q;
				ENABLE_PREVIEWS = YES;
				GENERATE_INFOPLIST_FILE = YES;
				INFOPLIST_KEY_UIApplicationSceneManifest_Generation = YES;
				INFOPLIST_KEY_UIApplicationSupportsIndirectInputEvents = YES;
				INFOPLIST_KEY_UILaunchScreen_Generation = YES;
				INFOPLIST_KEY_UISupportedInterfaceOrientations_iPad = "UIInterfaceOrientationPortrait UIInterfaceOrientationPortraitUpsideDown UIInterfaceOrientationLandscapeLeft UIInterfaceOrientationLandscapeRight";
				INFOPLIST_KEY_UISupportedInterfaceOrientations_iPhone = "UIInterfaceOrientationPortrait UIInterfaceOrientationLandscapeLeft UIInterfaceOrientationLandscapeRight";
				LD_RUNPATH_SEARCH_PATHS = (
					"$(inherited)",
					"@executable_path/Frameworks",
				);
				MARKETING_VERSION = 1.0;
				PRODUCT_BUNDLE_IDENTIFIER = se.folkuniversitetetMA22.tobias.sorensson.LocalNotifications;
				PRODUCT_NAME = "$(TARGET_NAME)";
				SWIFT_EMIT_LOC_STRINGS = YES;
				SWIFT_VERSION = 5.0;
				TARGETED_DEVICE_FAMILY = "1,2";
			};
			name = Debug;
		};
		9C3F96282A0032C600DE7ABE /* Release */ = {
			isa = XCBuildConfiguration;
			buildSettings = {
				ASSETCATALOG_COMPILER_APPICON_NAME = AppIcon;
				ASSETCATALOG_COMPILER_GLOBAL_ACCENT_COLOR_NAME = AccentColor;
				CODE_SIGN_STYLE = Automatic;
				CURRENT_PROJECT_VERSION = 1;
				DEVELOPMENT_ASSET_PATHS = "\"LocalNotifications/Preview Content\"";
				DEVELOPMENT_TEAM = BCAW25965Q;
				ENABLE_PREVIEWS = YES;
				GENERATE_INFOPLIST_FILE = YES;
				INFOPLIST_KEY_UIApplicationSceneManifest_Generation = YES;
				INFOPLIST_KEY_UIApplicationSupportsIndirectInputEvents = YES;
				INFOPLIST_KEY_UILaunchScreen_Generation = YES;
				INFOPLIST_KEY_UISupportedInterfaceOrientations_iPad = "UIInterfaceOrientationPortrait UIInterfaceOrientationPortraitUpsideDown UIInterfaceOrientationLandscapeLeft UIInterfaceOrientationLandscapeRight";
				INFOPLIST_KEY_UISupportedInterfaceOrientations_iPhone = "UIInterfaceOrientationPortrait UIInterfaceOrientationLandscapeLeft UIInterfaceOrientationLandscapeRight";
				LD_RUNPATH_SEARCH_PATHS = (
					"$(inherited)",
					"@executable_path/Frameworks",
				);
				MARKETING_VERSION = 1.0;
				PRODUCT_BUNDLE_IDENTIFIER = se.folkuniversitetetMA22.tobias.sorensson.LocalNotifications;
				PRODUCT_NAME = "$(TARGET_NAME)";
				SWIFT_EMIT_LOC_STRINGS = YES;
				SWIFT_VERSION = 5.0;
				TARGETED_DEVICE_FAMILY = "1,2";
			};
			name = Release;
		};
		9C3F962A2A0032C600DE7ABE /* Debug */ = {
			isa = XCBuildConfiguration;
			buildSettings = {
				ALWAYS_EMBED_SWIFT_STANDARD_LIBRARIES = YES;
				BUNDLE_LOADER = "$(TEST_HOST)";
				CODE_SIGN_STYLE = Automatic;
				CURRENT_PROJECT_VERSION = 1;
				DEVELOPMENT_TEAM = BCAW25965Q;
				GENERATE_INFOPLIST_FILE = YES;
				IPHONEOS_DEPLOYMENT_TARGET = 16.4;
				MARKETING_VERSION = 1.0;
				PRODUCT_BUNDLE_IDENTIFIER = se.folkuniversitetetMA22.tobias.sorensson.LocalNotificationsTests;
				PRODUCT_NAME = "$(TARGET_NAME)";
				SWIFT_EMIT_LOC_STRINGS = NO;
				SWIFT_VERSION = 5.0;
				TARGETED_DEVICE_FAMILY = "1,2";
				TEST_HOST = "$(BUILT_PRODUCTS_DIR)/LocalNotifications.app/$(BUNDLE_EXECUTABLE_FOLDER_PATH)/LocalNotifications";
			};
			name = Debug;
		};
		9C3F962B2A0032C600DE7ABE /* Release */ = {
			isa = XCBuildConfiguration;
			buildSettings = {
				ALWAYS_EMBED_SWIFT_STANDARD_LIBRARIES = YES;
				BUNDLE_LOADER = "$(TEST_HOST)";
				CODE_SIGN_STYLE = Automatic;
				CURRENT_PROJECT_VERSION = 1;
				DEVELOPMENT_TEAM = BCAW25965Q;
				GENERATE_INFOPLIST_FILE = YES;
				IPHONEOS_DEPLOYMENT_TARGET = 16.4;
				MARKETING_VERSION = 1.0;
				PRODUCT_BUNDLE_IDENTIFIER = se.folkuniversitetetMA22.tobias.sorensson.LocalNotificationsTests;
				PRODUCT_NAME = "$(TARGET_NAME)";
				SWIFT_EMIT_LOC_STRINGS = NO;
				SWIFT_VERSION = 5.0;
				TARGETED_DEVICE_FAMILY = "1,2";
				TEST_HOST = "$(BUILT_PRODUCTS_DIR)/LocalNotifications.app/$(BUNDLE_EXECUTABLE_FOLDER_PATH)/LocalNotifications";
			};
			name = Release;
		};
		9C3F962D2A0032C600DE7ABE /* Debug */ = {
			isa = XCBuildConfiguration;
			buildSettings = {
				ALWAYS_EMBED_SWIFT_STANDARD_LIBRARIES = YES;
				CODE_SIGN_STYLE = Automatic;
				CURRENT_PROJECT_VERSION = 1;
				DEVELOPMENT_TEAM = BCAW25965Q;
				GENERATE_INFOPLIST_FILE = YES;
				MARKETING_VERSION = 1.0;
				PRODUCT_BUNDLE_IDENTIFIER = se.folkuniversitetetMA22.tobias.sorensson.LocalNotificationsUITests;
				PRODUCT_NAME = "$(TARGET_NAME)";
				SWIFT_EMIT_LOC_STRINGS = NO;
				SWIFT_VERSION = 5.0;
				TARGETED_DEVICE_FAMILY = "1,2";
				TEST_TARGET_NAME = LocalNotifications;
			};
			name = Debug;
		};
		9C3F962E2A0032C600DE7ABE /* Release */ = {
			isa = XCBuildConfiguration;
			buildSettings = {
				ALWAYS_EMBED_SWIFT_STANDARD_LIBRARIES = YES;
				CODE_SIGN_STYLE = Automatic;
				CURRENT_PROJECT_VERSION = 1;
				DEVELOPMENT_TEAM = BCAW25965Q;
				GENERATE_INFOPLIST_FILE = YES;
				MARKETING_VERSION = 1.0;
				PRODUCT_BUNDLE_IDENTIFIER = se.folkuniversitetetMA22.tobias.sorensson.LocalNotificationsUITests;
				PRODUCT_NAME = "$(TARGET_NAME)";
				SWIFT_EMIT_LOC_STRINGS = NO;
				SWIFT_VERSION = 5.0;
				TARGETED_DEVICE_FAMILY = "1,2";
				TEST_TARGET_NAME = LocalNotifications;
			};
			name = Release;
		};
/* End XCBuildConfiguration section */

/* Begin XCConfigurationList section */
		9C3F95FD2A0032C400DE7ABE /* Build configuration list for PBXProject "LocalNotifications" */ = {
			isa = XCConfigurationList;
			buildConfigurations = (
				9C3F96242A0032C600DE7ABE /* Debug */,
				9C3F96252A0032C600DE7ABE /* Release */,
			);
			defaultConfigurationIsVisible = 0;
			defaultConfigurationName = Release;
		};
		9C3F96262A0032C600DE7ABE /* Build configuration list for PBXNativeTarget "LocalNotifications" */ = {
			isa = XCConfigurationList;
			buildConfigurations = (
				9C3F96272A0032C600DE7ABE /* Debug */,
				9C3F96282A0032C600DE7ABE /* Release */,
			);
			defaultConfigurationIsVisible = 0;
			defaultConfigurationName = Release;
		};
		9C3F96292A0032C600DE7ABE /* Build configuration list for PBXNativeTarget "LocalNotificationsTests" */ = {
			isa = XCConfigurationList;
			buildConfigurations = (
				9C3F962A2A0032C600DE7ABE /* Debug */,
				9C3F962B2A0032C600DE7ABE /* Release */,
			);
			defaultConfigurationIsVisible = 0;
			defaultConfigurationName = Release;
		};
		9C3F962C2A0032C600DE7ABE /* Build configuration list for PBXNativeTarget "LocalNotificationsUITests" */ = {
			isa = XCConfigurationList;
			buildConfigurations = (
				9C3F962D2A0032C600DE7ABE /* Debug */,
				9C3F962E2A0032C600DE7ABE /* Release */,
			);
			defaultConfigurationIsVisible = 0;
			defaultConfigurationName = Release;
		};
/* End XCConfigurationList section */
	};
	rootObject = 9C3F95FA2A0032C400DE7ABE /* Project object */;
}
